
Microsoft Visual Studio Solution File, Format Version 12.00
# Visual Studio Version 16
VisualStudioVersion = 16.0.33214.272
MinimumVisualStudioVersion = 10.0.40219.1
Project("{FAE04EC0-301F-11D3-BF4B-00C04F79EFBC}") = "Day2Assignment", "Day2Assignment\Day2Assignment.csproj", "{0E8D4EF8-ADE5-4EA9-B839-B4555484E9BA}"
EndProject
Global
	GlobalSection(SolutionConfigurationPlatforms) = preSolution
		Debug|Any CPU = Debug|Any CPU
		Release|Any CPU = Release|Any CPU
	EndGlobalSection
	GlobalSection(ProjectConfigurationPlatforms) = postSolution
		{0E8D4EF8-ADE5-4EA9-B839-B4555484E9BA}.Debug|Any CPU.ActiveCfg = Debug|Any CPU
		{0E8D4EF8-ADE5-4EA9-B839-B4555484E9BA}.Debug|Any CPU.Build.0 = Debug|Any CPU
		{0E8D4EF8-ADE5-4EA9-B839-B4555484E9BA}.Release|Any CPU.ActiveCfg = Release|Any CPU
		{0E8D4EF8-ADE5-4EA9-B839-B4555484E9BA}.Release|Any CPU.Build.0 = Release|Any CPU
	EndGlobalSection
	GlobalSection(SolutionProperties) = preSolution
		HideSolutionNode = FALSE
	EndGlobalSection
	GlobalSection(ExtensibilityGlobals) = postSolution
		SolutionGuid = {0B0309B9-CC78-4814-9B1B-1460F2504C6D}
	EndGlobalSection
EndGlobal
