
Microsoft Visual Studio Solution File, Format Version 12.00
# Visual Studio Version 16
VisualStudioVersion = 16.0.33130.400
MinimumVisualStudioVersion = 10.0.40219.1
Project("{FAE04EC0-301F-11D3-BF4B-00C04F79EFBC}") = "Assignment no 5 Q3", "Assignment no 5 Q3\Assignment no 5 Q3.csproj", "{01CE217A-48FF-49BD-A39D-CAB851F39F3A}"
EndProject
Global
	GlobalSection(SolutionConfigurationPlatforms) = preSolution
		Debug|Any CPU = Debug|Any CPU
		Release|Any CPU = Release|Any CPU
	EndGlobalSection
	GlobalSection(ProjectConfigurationPlatforms) = postSolution
		{01CE217A-48FF-49BD-A39D-CAB851F39F3A}.Debug|Any CPU.ActiveCfg = Debug|Any CPU
		{01CE217A-48FF-49BD-A39D-CAB851F39F3A}.Debug|Any CPU.Build.0 = Debug|Any CPU
		{01CE217A-48FF-49BD-A39D-CAB851F39F3A}.Release|Any CPU.ActiveCfg = Release|Any CPU
		{01CE217A-48FF-49BD-A39D-CAB851F39F3A}.Release|Any CPU.Build.0 = Release|Any CPU
	EndGlobalSection
	GlobalSection(SolutionProperties) = preSolution
		HideSolutionNode = FALSE
	EndGlobalSection
	GlobalSection(ExtensibilityGlobals) = postSolution
		SolutionGuid = {FA957FD7-E13B-439C-9DAC-AC0B1B80BCA1}
	EndGlobalSection
EndGlobal
