
Microsoft Visual Studio Solution File, Format Version 12.00
# Visual Studio Version 16
VisualStudioVersion = 16.0.33130.400
MinimumVisualStudioVersion = 10.0.40219.1
Project("{FAE04EC0-301F-11D3-BF4B-00C04F79EFBC}") = "Assignmnet1 Q3", "Assignmnet1 Q3\Assignmnet1 Q3.csproj", "{C74CDF93-EF7D-4CB4-AA5F-351BDF45C69F}"
EndProject
Global
	GlobalSection(SolutionConfigurationPlatforms) = preSolution
		Debug|Any CPU = Debug|Any CPU
		Release|Any CPU = Release|Any CPU
	EndGlobalSection
	GlobalSection(ProjectConfigurationPlatforms) = postSolution
		{C74CDF93-EF7D-4CB4-AA5F-351BDF45C69F}.Debug|Any CPU.ActiveCfg = Debug|Any CPU
		{C74CDF93-EF7D-4CB4-AA5F-351BDF45C69F}.Debug|Any CPU.Build.0 = Debug|Any CPU
		{C74CDF93-EF7D-4CB4-AA5F-351BDF45C69F}.Release|Any CPU.ActiveCfg = Release|Any CPU
		{C74CDF93-EF7D-4CB4-AA5F-351BDF45C69F}.Release|Any CPU.Build.0 = Release|Any CPU
	EndGlobalSection
	GlobalSection(SolutionProperties) = preSolution
		HideSolutionNode = FALSE
	EndGlobalSection
	GlobalSection(ExtensibilityGlobals) = postSolution
		SolutionGuid = {F15A7CB7-08C1-4203-A082-8235E62B998A}
	EndGlobalSection
EndGlobal
