
Microsoft Visual Studio Solution File, Format Version 12.00
# Visual Studio Version 16
VisualStudioVersion = 16.0.33130.400
MinimumVisualStudioVersion = 10.0.40219.1
Project("{9A19103F-16F7-4668-BE54-9A1E7A4F7556}") = "ADO.Net", "ADO.Net.csproj", "{2B85F558-73F3-4771-9F9F-6A6327D0BA42}"
EndProject
Global
	GlobalSection(SolutionConfigurationPlatforms) = preSolution
		Debug|Any CPU = Debug|Any CPU
		Release|Any CPU = Release|Any CPU
	EndGlobalSection
	GlobalSection(ProjectConfigurationPlatforms) = postSolution
		{2B85F558-73F3-4771-9F9F-6A6327D0BA42}.Debug|Any CPU.ActiveCfg = Debug|Any CPU
		{2B85F558-73F3-4771-9F9F-6A6327D0BA42}.Debug|Any CPU.Build.0 = Debug|Any CPU
		{2B85F558-73F3-4771-9F9F-6A6327D0BA42}.Release|Any CPU.ActiveCfg = Release|Any CPU
		{2B85F558-73F3-4771-9F9F-6A6327D0BA42}.Release|Any CPU.Build.0 = Release|Any CPU
	EndGlobalSection
	GlobalSection(SolutionProperties) = preSolution
		HideSolutionNode = FALSE
	EndGlobalSection
	GlobalSection(ExtensibilityGlobals) = postSolution
		SolutionGuid = {39819E9F-4DDD-4EBF-A768-21331AEED7B8}
	EndGlobalSection
EndGlobal
