
Microsoft Visual Studio Solution File, Format Version 12.00
# Visual Studio Version 16
VisualStudioVersion = 16.0.33130.400
MinimumVisualStudioVersion = 10.0.40219.1
Project("{FAE04EC0-301F-11D3-BF4B-00C04F79EFBC}") = "Assignment1Q5", "Assignment1Q5\Assignment1Q5.csproj", "{391D7749-E528-44E1-9982-D5B08BB09A5D}"
EndProject
Global
	GlobalSection(SolutionConfigurationPlatforms) = preSolution
		Debug|Any CPU = Debug|Any CPU
		Release|Any CPU = Release|Any CPU
	EndGlobalSection
	GlobalSection(ProjectConfigurationPlatforms) = postSolution
		{391D7749-E528-44E1-9982-D5B08BB09A5D}.Debug|Any CPU.ActiveCfg = Debug|Any CPU
		{391D7749-E528-44E1-9982-D5B08BB09A5D}.Debug|Any CPU.Build.0 = Debug|Any CPU
		{391D7749-E528-44E1-9982-D5B08BB09A5D}.Release|Any CPU.ActiveCfg = Release|Any CPU
		{391D7749-E528-44E1-9982-D5B08BB09A5D}.Release|Any CPU.Build.0 = Release|Any CPU
	EndGlobalSection
	GlobalSection(SolutionProperties) = preSolution
		HideSolutionNode = FALSE
	EndGlobalSection
	GlobalSection(ExtensibilityGlobals) = postSolution
		SolutionGuid = {877E5753-D17D-4C26-BD7D-6AAFA35AC731}
	EndGlobalSection
EndGlobal
