
Microsoft Visual Studio Solution File, Format Version 12.00
# Visual Studio Version 16
VisualStudioVersion = 16.0.33130.400
MinimumVisualStudioVersion = 10.0.40219.1
Project("{FAE04EC0-301F-11D3-BF4B-00C04F79EFBC}") = "Assignment6 Q3 , Q4, Q5", "Assignment6 Q3 , Q4, Q5\Assignment6 Q3 , Q4, Q5.csproj", "{2B76B0C2-8EBB-434B-A774-26BAB154AA24}"
EndProject
Global
	GlobalSection(SolutionConfigurationPlatforms) = preSolution
		Debug|Any CPU = Debug|Any CPU
		Release|Any CPU = Release|Any CPU
	EndGlobalSection
	GlobalSection(ProjectConfigurationPlatforms) = postSolution
		{2B76B0C2-8EBB-434B-A774-26BAB154AA24}.Debug|Any CPU.ActiveCfg = Debug|Any CPU
		{2B76B0C2-8EBB-434B-A774-26BAB154AA24}.Debug|Any CPU.Build.0 = Debug|Any CPU
		{2B76B0C2-8EBB-434B-A774-26BAB154AA24}.Release|Any CPU.ActiveCfg = Release|Any CPU
		{2B76B0C2-8EBB-434B-A774-26BAB154AA24}.Release|Any CPU.Build.0 = Release|Any CPU
	EndGlobalSection
	GlobalSection(SolutionProperties) = preSolution
		HideSolutionNode = FALSE
	EndGlobalSection
	GlobalSection(ExtensibilityGlobals) = postSolution
		SolutionGuid = {10B3ABE6-D749-47E7-984C-8C3A957CFFE7}
	EndGlobalSection
EndGlobal
