
Microsoft Visual Studio Solution File, Format Version 12.00
# Visual Studio Version 16
VisualStudioVersion = 16.0.33130.400
MinimumVisualStudioVersion = 10.0.40219.1
Project("{FAE04EC0-301F-11D3-BF4B-00C04F79EFBC}") = "Assignment1 Q6", "Assignment1 Q6\Assignment1 Q6.csproj", "{C41237EA-3047-4222-8905-856E5F40906D}"
EndProject
Global
	GlobalSection(SolutionConfigurationPlatforms) = preSolution
		Debug|Any CPU = Debug|Any CPU
		Release|Any CPU = Release|Any CPU
	EndGlobalSection
	GlobalSection(ProjectConfigurationPlatforms) = postSolution
		{C41237EA-3047-4222-8905-856E5F40906D}.Debug|Any CPU.ActiveCfg = Debug|Any CPU
		{C41237EA-3047-4222-8905-856E5F40906D}.Debug|Any CPU.Build.0 = Debug|Any CPU
		{C41237EA-3047-4222-8905-856E5F40906D}.Release|Any CPU.ActiveCfg = Release|Any CPU
		{C41237EA-3047-4222-8905-856E5F40906D}.Release|Any CPU.Build.0 = Release|Any CPU
	EndGlobalSection
	GlobalSection(SolutionProperties) = preSolution
		HideSolutionNode = FALSE
	EndGlobalSection
	GlobalSection(ExtensibilityGlobals) = postSolution
		SolutionGuid = {29C2BB4F-0B63-4B28-BE30-A7683D68B0C1}
	EndGlobalSection
EndGlobal
